# The commit of the game data repository (the GAME_TABLES_REPOSITORY variable) this source is built
# and tested against, and the data version folders in it. CI checks that commit out for the game
# tables (<version>/) and the recorded reference battles (references/<version>/). Move it in the
# change that needs newer data.
# - version: the data version under work. The unit tests read its tables and pin its values, CI
#   runs its reference battles, each case held to conformance/reference-expectations/<version>.json,
#   and the debug visualizer opens it by default.
commit=252801b47112a374414e574a6a0089cc24bebc49
version=16.402.18
