# The commit of the game data repository (the GAME_TABLES_REPOSITORY variable) this source is built
# and tested against, and the data version folder in it. CI checks that commit out for the game
# tables (<version>/) and the recorded reference battles (references/<version>/). Move it in the
# change that needs newer data.
commit=6c6ec15236b374f7395897bc12224779ac31b7f4
version=14.593.1
