# The commit of the game data repository (the GAME_TABLES_REPOSITORY variable) this source is built
# and tested against, and the data version folder in it. CI checks that commit out for the game
# tables (<version>/) and the recorded reference battles (references/<version>/). Move it in the
# change that needs newer data.
commit=3827cc329e3eb5947b48bd9cde66a60d3b026039
version=14.593.1
